
Microsoft Visual Studio Solution File, Format Version 12.00
# Visual Studio 15
VisualStudioVersion = 15.0.27703.2000
MinimumVisualStudioVersion = 10.0.40219.1
Project("{9A19103F-16F7-4668-BE54-9A1E7A4F7556}") = "LambdaTestV2", "LambdaTestV2\LambdaTestV2.csproj", "{7EAD0C52-7E5C-4144-806A-36A1923F4DFE}"
EndProject
Global
	GlobalSection(SolutionConfigurationPlatforms) = preSolution
		Debug|Any CPU = Debug|Any CPU
		Release|Any CPU = Release|Any CPU
	EndGlobalSection
	GlobalSection(ProjectConfigurationPlatforms) = postSolution
		{7EAD0C52-7E5C-4144-806A-36A1923F4DFE}.Debug|Any CPU.ActiveCfg = Debug|Any CPU
		{7EAD0C52-7E5C-4144-806A-36A1923F4DFE}.Debug|Any CPU.Build.0 = Debug|Any CPU
		{7EAD0C52-7E5C-4144-806A-36A1923F4DFE}.Release|Any CPU.ActiveCfg = Release|Any CPU
		{7EAD0C52-7E5C-4144-806A-36A1923F4DFE}.Release|Any CPU.Build.0 = Release|Any CPU
	EndGlobalSection
	GlobalSection(SolutionProperties) = preSolution
		HideSolutionNode = FALSE
	EndGlobalSection
	GlobalSection(ExtensibilityGlobals) = postSolution
		SolutionGuid = {0E795C2E-57C6-4A46-91C1-90C85D30F5A3}
	EndGlobalSection
EndGlobal
